
Microsoft Visual Studio Solution File, Format Version 12.00
# Visual Studio Version 17
VisualStudioVersion = 17.3.32922.545
MinimumVisualStudioVersion = 10.0.40219.1
Project("{FAE04EC0-301F-11D3-BF4B-00C04F79EFBC}") = "TaskManagerApi", "TaskManagerApi.csproj", "{3FDD6113-22B6-48AF-A1DC-2ED14300DF9A}"
EndProject
Global
	GlobalSection(SolutionConfigurationPlatforms) = preSolution
		Debug|Any CPU = Debug|Any CPU
		Release|Any CPU = Release|Any CPU
	EndGlobalSection
	GlobalSection(ProjectConfigurationPlatforms) = postSolution
		{3FDD6113-22B6-48AF-A1DC-2ED14300DF9A}.Debug|Any CPU.ActiveCfg = Debug|Any CPU
		{3FDD6113-22B6-48AF-A1DC-2ED14300DF9A}.Debug|Any CPU.Build.0 = Debug|Any CPU
		{3FDD6113-22B6-48AF-A1DC-2ED14300DF9A}.Release|Any CPU.ActiveCfg = Release|Any CPU
		{3FDD6113-22B6-48AF-A1DC-2ED14300DF9A}.Release|Any CPU.Build.0 = Release|Any CPU
	EndGlobalSection
	GlobalSection(SolutionProperties) = preSolution
		HideSolutionNode = FALSE
	EndGlobalSection
	GlobalSection(ExtensibilityGlobals) = postSolution
		SolutionGuid = {572B2669-7878-4773-A75A-6997ECC1B16F}
	EndGlobalSection
EndGlobal
